
Microsoft Visual Studio Solution File, Format Version 12.00
# Visual Studio Version 17
VisualStudioVersion = 17.8.34309.116
MinimumVisualStudioVersion = 10.0.40219.1
Project("{2150E333-8FDC-42A3-9474-1A3956D46DE8}") = "Shared", "Shared", "{22384FD1-9BFA-496B-B021-3D6A3EC087C9}"
EndProject
Project("{2150E333-8FDC-42A3-9474-1A3956D46DE8}") = "Src", "Src", "{4C021DC9-F814-4291-8914-E9C83DC3E713}"
EndProject
Project("{9A19103F-16F7-4668-BE54-9A1E7A4F7556}") = "Api", "Api\Api.csproj", "{3D567BEA-66B3-403B-B6FC-3F1868C08496}"
EndProject
Project("{E53339B2-1760-4266-BCC7-CA923CBCF16C}") = "docker-compose", "docker-compose.dcproj", "{20DF1A79-DE73-4808-A751-905B258E8661}"
EndProject
Project("{2150E333-8FDC-42A3-9474-1A3956D46DE8}") = "Models", "Models", "{A513A004-BE29-4692-A5C4-F9EDEDF7873C}"
EndProject
Project("{9A19103F-16F7-4668-BE54-9A1E7A4F7556}") = "AuthenticationModels", "AuthenticationModels\AuthenticationModels.csproj", "{44F313AE-44AB-4B9F-81B8-C6153ED44461}"
EndProject
Project("{9A19103F-16F7-4668-BE54-9A1E7A4F7556}") = "Authentication", "Authentication\Authentication.csproj", "{BCE7B3F2-974A-42EE-8906-85512E6ED299}"
EndProject
Project("{FAE04EC0-301F-11D3-BF4B-00C04F79EFBC}") = "SettingModels", "SettingModels\SettingModels.csproj", "{F3861100-E583-4E13-9F33-C1B92C20B86F}"
EndProject
Global
	GlobalSection(SolutionConfigurationPlatforms) = preSolution
		Debug|Any CPU = Debug|Any CPU
		Release|Any CPU = Release|Any CPU
	EndGlobalSection
	GlobalSection(ProjectConfigurationPlatforms) = postSolution
		{3D567BEA-66B3-403B-B6FC-3F1868C08496}.Debug|Any CPU.ActiveCfg = Debug|Any CPU
		{3D567BEA-66B3-403B-B6FC-3F1868C08496}.Debug|Any CPU.Build.0 = Debug|Any CPU
		{3D567BEA-66B3-403B-B6FC-3F1868C08496}.Release|Any CPU.ActiveCfg = Release|Any CPU
		{3D567BEA-66B3-403B-B6FC-3F1868C08496}.Release|Any CPU.Build.0 = Release|Any CPU
		{20DF1A79-DE73-4808-A751-905B258E8661}.Debug|Any CPU.ActiveCfg = Debug|Any CPU
		{20DF1A79-DE73-4808-A751-905B258E8661}.Debug|Any CPU.Build.0 = Debug|Any CPU
		{20DF1A79-DE73-4808-A751-905B258E8661}.Release|Any CPU.ActiveCfg = Release|Any CPU
		{20DF1A79-DE73-4808-A751-905B258E8661}.Release|Any CPU.Build.0 = Release|Any CPU
		{44F313AE-44AB-4B9F-81B8-C6153ED44461}.Debug|Any CPU.ActiveCfg = Debug|Any CPU
		{44F313AE-44AB-4B9F-81B8-C6153ED44461}.Debug|Any CPU.Build.0 = Debug|Any CPU
		{44F313AE-44AB-4B9F-81B8-C6153ED44461}.Release|Any CPU.ActiveCfg = Release|Any CPU
		{44F313AE-44AB-4B9F-81B8-C6153ED44461}.Release|Any CPU.Build.0 = Release|Any CPU
		{BCE7B3F2-974A-42EE-8906-85512E6ED299}.Debug|Any CPU.ActiveCfg = Debug|Any CPU
		{BCE7B3F2-974A-42EE-8906-85512E6ED299}.Debug|Any CPU.Build.0 = Debug|Any CPU
		{BCE7B3F2-974A-42EE-8906-85512E6ED299}.Release|Any CPU.ActiveCfg = Release|Any CPU
		{BCE7B3F2-974A-42EE-8906-85512E6ED299}.Release|Any CPU.Build.0 = Release|Any CPU
		{F3861100-E583-4E13-9F33-C1B92C20B86F}.Debug|Any CPU.ActiveCfg = Debug|Any CPU
		{F3861100-E583-4E13-9F33-C1B92C20B86F}.Debug|Any CPU.Build.0 = Debug|Any CPU
		{F3861100-E583-4E13-9F33-C1B92C20B86F}.Release|Any CPU.ActiveCfg = Release|Any CPU
		{F3861100-E583-4E13-9F33-C1B92C20B86F}.Release|Any CPU.Build.0 = Release|Any CPU
	EndGlobalSection
	GlobalSection(SolutionProperties) = preSolution
		HideSolutionNode = FALSE
	EndGlobalSection
	GlobalSection(NestedProjects) = preSolution
		{3D567BEA-66B3-403B-B6FC-3F1868C08496} = {4C021DC9-F814-4291-8914-E9C83DC3E713}
		{A513A004-BE29-4692-A5C4-F9EDEDF7873C} = {22384FD1-9BFA-496B-B021-3D6A3EC087C9}
		{44F313AE-44AB-4B9F-81B8-C6153ED44461} = {A513A004-BE29-4692-A5C4-F9EDEDF7873C}
		{BCE7B3F2-974A-42EE-8906-85512E6ED299} = {4C021DC9-F814-4291-8914-E9C83DC3E713}
		{F3861100-E583-4E13-9F33-C1B92C20B86F} = {A513A004-BE29-4692-A5C4-F9EDEDF7873C}
	EndGlobalSection
	GlobalSection(ExtensibilityGlobals) = postSolution
		SolutionGuid = {B876843D-0DED-4C53-86F6-5BCF0B8FE60C}
	EndGlobalSection
EndGlobal
